
Microsoft Visual Studio Solution File, Format Version 12.00
# Visual Studio Version 17
VisualStudioVersion = 17.14.36327.8 d17.14
MinimumVisualStudioVersion = 10.0.40219.1
Project("{FAE04EC0-301F-11D3-BF4B-00C04F79EFBC}") = "CRUD-TRABAJO", "CRUD-TRABAJO.csproj", "{70CC5744-6A41-41BD-8C5F-D3B0A40567AA}"
EndProject
Global
	GlobalSection(SolutionConfigurationPlatforms) = preSolution
		Debug|Any CPU = Debug|Any CPU
		Release|Any CPU = Release|Any CPU
	EndGlobalSection
	GlobalSection(ProjectConfigurationPlatforms) = postSolution
		{70CC5744-6A41-41BD-8C5F-D3B0A40567AA}.Debug|Any CPU.ActiveCfg = Debug|Any CPU
		{70CC5744-6A41-41BD-8C5F-D3B0A40567AA}.Debug|Any CPU.Build.0 = Debug|Any CPU
		{70CC5744-6A41-41BD-8C5F-D3B0A40567AA}.Release|Any CPU.ActiveCfg = Release|Any CPU
		{70CC5744-6A41-41BD-8C5F-D3B0A40567AA}.Release|Any CPU.Build.0 = Release|Any CPU
	EndGlobalSection
	GlobalSection(SolutionProperties) = preSolution
		HideSolutionNode = FALSE
	EndGlobalSection
	GlobalSection(ExtensibilityGlobals) = postSolution
		SolutionGuid = {07CC924D-0C0D-43CC-8970-9FAD7DDAB72F}
	EndGlobalSection
EndGlobal
