
Microsoft Visual Studio Solution File, Format Version 12.00
# Visual Studio Version 17
VisualStudioVersion = 17.9.34526.213
MinimumVisualStudioVersion = 10.0.40219.1
Project("{FAE04EC0-301F-11D3-BF4B-00C04F79EFBC}") = "CRUD NATIVO CS", "CRUD NATIVO CS\CRUD NATIVO CS.csproj", "{589F55F7-F350-4E3C-B096-8A33D011859C}"
EndProject
Global
	GlobalSection(SolutionConfigurationPlatforms) = preSolution
		Debug|Any CPU = Debug|Any CPU
		Release|Any CPU = Release|Any CPU
	EndGlobalSection
	GlobalSection(ProjectConfigurationPlatforms) = postSolution
		{589F55F7-F350-4E3C-B096-8A33D011859C}.Debug|Any CPU.ActiveCfg = Debug|Any CPU
		{589F55F7-F350-4E3C-B096-8A33D011859C}.Debug|Any CPU.Build.0 = Debug|Any CPU
		{589F55F7-F350-4E3C-B096-8A33D011859C}.Release|Any CPU.ActiveCfg = Release|Any CPU
		{589F55F7-F350-4E3C-B096-8A33D011859C}.Release|Any CPU.Build.0 = Release|Any CPU
	EndGlobalSection
	GlobalSection(SolutionProperties) = preSolution
		HideSolutionNode = FALSE
	EndGlobalSection
	GlobalSection(ExtensibilityGlobals) = postSolution
		SolutionGuid = {5AA85A75-BADD-4932-BAB7-A9B1826AB9DF}
	EndGlobalSection
EndGlobal
